
Microsoft Visual Studio Solution File, Format Version 12.00
# Visual Studio Version 16
VisualStudioVersion = 16.0.30011.22
MinimumVisualStudioVersion = 10.0.40219.1
Project("{9A19103F-16F7-4668-BE54-9A1E7A4F7556}") = "TrinityText.Domain", "Core\TrinityText.Domain\TrinityText.Domain.csproj", "{4469E4FA-0DAA-4B07-B515-03AD0CB2496D}"
EndProject
Project("{9A19103F-16F7-4668-BE54-9A1E7A4F7556}") = "TrinityText.Domain.EF", "Core\TrinityText.Domain.EF\TrinityText.Domain.EF.csproj", "{0403EEFB-DEEA-4DBF-82C7-8965F8289948}"
EndProject
Project("{2150E333-8FDC-42A3-9474-1A3956D46DE8}") = "Test", "Test", "{44C72A27-245D-4EEF-8D52-1E8E11E14ACF}"
EndProject
Project("{9A19103F-16F7-4668-BE54-9A1E7A4F7556}") = "TrinityText.UnitTests", "Tests\TrinityText.UnitTests\TrinityText.UnitTests.csproj", "{B1068219-5A96-49D4-B0F9-520AEB7D5962}"
EndProject
Project("{9A19103F-16F7-4668-BE54-9A1E7A4F7556}") = "TrinityText.Business", "Core\TrinityText.Business\TrinityText.Business.csproj", "{23C931F8-154D-47A5-BFA2-B5EE9309E23D}"
EndProject
Project("{9A19103F-16F7-4668-BE54-9A1E7A4F7556}") = "TrinityText.Utilities", "Core\TrinityText.Utilities\TrinityText.Utilities.csproj", "{5115F531-BD24-4160-8F06-3503799D0C33}"
EndProject
Project("{9A19103F-16F7-4668-BE54-9A1E7A4F7556}") = "TrinityText.Utilities.AWS", "Core\TrinityText.Utilities.AWS\TrinityText.Utilities.AWS.csproj", "{1F3E2222-A4F5-4D6D-A2E8-5ADBC3894DEB}"
EndProject
Project("{2150E333-8FDC-42A3-9474-1A3956D46DE8}") = "_SolutionItems", "_SolutionItems", "{50EF363B-7C82-4653-81A5-F58FBAEDF4D9}"
	ProjectSection(SolutionItems) = preProject
		SolutionItems\GlobalAssemblyInfo.proj = SolutionItems\GlobalAssemblyInfo.proj
	EndProjectSection
EndProject
Global
	GlobalSection(SolutionConfigurationPlatforms) = preSolution
		Debug|Any CPU = Debug|Any CPU
		Release|Any CPU = Release|Any CPU
	EndGlobalSection
	GlobalSection(ProjectConfigurationPlatforms) = postSolution
		{4469E4FA-0DAA-4B07-B515-03AD0CB2496D}.Debug|Any CPU.ActiveCfg = Debug|Any CPU
		{4469E4FA-0DAA-4B07-B515-03AD0CB2496D}.Debug|Any CPU.Build.0 = Debug|Any CPU
		{4469E4FA-0DAA-4B07-B515-03AD0CB2496D}.Release|Any CPU.ActiveCfg = Release|Any CPU
		{4469E4FA-0DAA-4B07-B515-03AD0CB2496D}.Release|Any CPU.Build.0 = Release|Any CPU
		{0403EEFB-DEEA-4DBF-82C7-8965F8289948}.Debug|Any CPU.ActiveCfg = Debug|Any CPU
		{0403EEFB-DEEA-4DBF-82C7-8965F8289948}.Debug|Any CPU.Build.0 = Debug|Any CPU
		{0403EEFB-DEEA-4DBF-82C7-8965F8289948}.Release|Any CPU.ActiveCfg = Release|Any CPU
		{0403EEFB-DEEA-4DBF-82C7-8965F8289948}.Release|Any CPU.Build.0 = Release|Any CPU
		{B1068219-5A96-49D4-B0F9-520AEB7D5962}.Debug|Any CPU.ActiveCfg = Debug|Any CPU
		{B1068219-5A96-49D4-B0F9-520AEB7D5962}.Debug|Any CPU.Build.0 = Debug|Any CPU
		{B1068219-5A96-49D4-B0F9-520AEB7D5962}.Release|Any CPU.ActiveCfg = Release|Any CPU
		{B1068219-5A96-49D4-B0F9-520AEB7D5962}.Release|Any CPU.Build.0 = Release|Any CPU
		{23C931F8-154D-47A5-BFA2-B5EE9309E23D}.Debug|Any CPU.ActiveCfg = Debug|Any CPU
		{23C931F8-154D-47A5-BFA2-B5EE9309E23D}.Debug|Any CPU.Build.0 = Debug|Any CPU
		{23C931F8-154D-47A5-BFA2-B5EE9309E23D}.Release|Any CPU.ActiveCfg = Release|Any CPU
		{23C931F8-154D-47A5-BFA2-B5EE9309E23D}.Release|Any CPU.Build.0 = Release|Any CPU
		{5115F531-BD24-4160-8F06-3503799D0C33}.Debug|Any CPU.ActiveCfg = Debug|Any CPU
		{5115F531-BD24-4160-8F06-3503799D0C33}.Debug|Any CPU.Build.0 = Debug|Any CPU
		{5115F531-BD24-4160-8F06-3503799D0C33}.Release|Any CPU.ActiveCfg = Release|Any CPU
		{5115F531-BD24-4160-8F06-3503799D0C33}.Release|Any CPU.Build.0 = Release|Any CPU
		{1F3E2222-A4F5-4D6D-A2E8-5ADBC3894DEB}.Debug|Any CPU.ActiveCfg = Debug|Any CPU
		{1F3E2222-A4F5-4D6D-A2E8-5ADBC3894DEB}.Debug|Any CPU.Build.0 = Debug|Any CPU
		{1F3E2222-A4F5-4D6D-A2E8-5ADBC3894DEB}.Release|Any CPU.ActiveCfg = Release|Any CPU
		{1F3E2222-A4F5-4D6D-A2E8-5ADBC3894DEB}.Release|Any CPU.Build.0 = Release|Any CPU
	EndGlobalSection
	GlobalSection(SolutionProperties) = preSolution
		HideSolutionNode = FALSE
	EndGlobalSection
	GlobalSection(NestedProjects) = preSolution
		{B1068219-5A96-49D4-B0F9-520AEB7D5962} = {44C72A27-245D-4EEF-8D52-1E8E11E14ACF}
	EndGlobalSection
	GlobalSection(ExtensibilityGlobals) = postSolution
		SolutionGuid = {E1B0CC6C-7F39-4238-BBD5-E4B5BCE65414}
	EndGlobalSection
EndGlobal
